<?xml version="1.0" encoding="utf-8"?>
<Project ToolsVersion="4.0" xmlns="http://schemas.microsoft.com/developer/msbuild/2003">
  <ItemGroup>
    <Filter Include="소스 파일">
      <UniqueIdentifier>{4FC737F1-C7A5-4376-A066-2A32D752A2FF}</UniqueIdentifier>
      <Extensions>cpp;c;cc;cxx;def;odl;idl;hpj;bat;asm;asmx</Extensions>
    </Filter>
    <Filter Include="헤더 파일">
      <UniqueIdentifier>{93995380-89BD-4b04-88EB-625FBE52EBFB}</UniqueIdentifier>
      <Extensions>h;hh;hpp;hxx;hm;inl;inc;ipp;xsd</Extensions>
    </Filter>
    <Filter Include="리소스 파일">
      <UniqueIdentifier>{67DA6AB6-F800-4c08-8B7A-83BB121AAD01}</UniqueIdentifier>
      <Extensions>rc;ico;cur;bmp;dlg;rc2;rct;bin;rgs;gif;jpg;jpeg;jpe;resx;tiff;tif;png;wav;mfcribbon-ms</Extensions>
    </Filter>
  </ItemGroup>
  <ItemGroup>
    <ClInclude Include="neat.h">
      <Filter>헤더 파일</Filter>
    </ClInclude>
    <ClInclude Include="network.h">
      <Filter>헤더 파일</Filter>
    </ClInclude>
    <ClInclude Include="nnode.h">
      <Filter>헤더 파일</Filter>
    </ClInclude>
    <ClInclude Include="trait.h">
      <Filter>헤더 파일</Filter>
    </ClInclude>
    <ClInclude Include="RandWell.h">
      <Filter>헤더 파일</Filter>
    </ClInclude>
    <ClInclude Include="link.h">
      <Filter>헤더 파일</Filter>
    </ClInclude>
    <ClInclude Include="population.h">
      <Filter>헤더 파일</Filter>
    </ClInclude>
    <ClInclude Include="innovation.h">
      <Filter>헤더 파일</Filter>
    </ClInclude>
    <ClInclude Include="gene.h">
      <Filter>헤더 파일</Filter>
    </ClInclude>
    <ClInclude Include="genome.h">
      <Filter>헤더 파일</Filter>
    </ClInclude>
    <ClInclude Include="species.h">
      <Filter>헤더 파일</Filter>
    </ClInclude>
    <ClInclude Include="organism.h">
      <Filter>헤더 파일</Filter>
    </ClInclude>
    <ClInclude Include="experiments.h">
      <Filter>헤더 파일</Filter>
    </ClInclude>
    <ClInclude Include="game.h">
      <Filter>헤더 파일</Filter>
    </ClInclude>
    <ClInclude Include="Types.h">
      <Filter>헤더 파일</Filter>
    </ClInclude>
  </ItemGroup>
  <ItemGroup>
    <ClCompile Include="main.cpp">
      <Filter>소스 파일</Filter>
    </ClCompile>
    <ClCompile Include="neat.cpp">
      <Filter>소스 파일</Filter>
    </ClCompile>
    <ClCompile Include="network.cpp">
      <Filter>소스 파일</Filter>
    </ClCompile>
    <ClCompile Include="nnode.cpp">
      <Filter>소스 파일</Filter>
    </ClCompile>
    <ClCompile Include="trait.cpp">
      <Filter>소스 파일</Filter>
    </ClCompile>
    <ClCompile Include="RandWell.cpp">
      <Filter>소스 파일</Filter>
    </ClCompile>
    <ClCompile Include="link.cpp">
      <Filter>소스 파일</Filter>
    </ClCompile>
    <ClCompile Include="population.cpp">
      <Filter>소스 파일</Filter>
    </ClCompile>
    <ClCompile Include="innovation.cpp">
      <Filter>소스 파일</Filter>
    </ClCompile>
    <ClCompile Include="gene.cpp">
      <Filter>소스 파일</Filter>
    </ClCompile>
    <ClCompile Include="genome.cpp">
      <Filter>소스 파일</Filter>
    </ClCompile>
    <ClCompile Include="species.cpp">
      <Filter>소스 파일</Filter>
    </ClCompile>
    <ClCompile Include="organism.cpp">
      <Filter>소스 파일</Filter>
    </ClCompile>
    <ClCompile Include="experiments.cpp">
      <Filter>소스 파일</Filter>
    </ClCompile>
    <ClCompile Include="game.cpp">
      <Filter>소스 파일</Filter>
    </ClCompile>
  </ItemGroup>
</Project>